
Microsoft Visual Studio Solution File, Format Version 12.00
# Visual Studio Version 17
VisualStudioVersion = 17.6.33829.357
MinimumVisualStudioVersion = 10.0.40219.1
Project("{FAE04EC0-301F-11D3-BF4B-00C04F79EFBC}") = "Ejercicio C02 - La estantería", "Ejercicio C02 - La estantería.csproj", "{F456727B-A6F6-4AC2-8960-E46D2733F9B5}"
EndProject
Project("{FAE04EC0-301F-11D3-BF4B-00C04F79EFBC}") = "Entidades", "..\Entidades\Entidades.csproj", "{0932A46C-F191-40AB-88C0-1DBAD1E40006}"
EndProject
Global
	GlobalSection(SolutionConfigurationPlatforms) = preSolution
		Debug|Any CPU = Debug|Any CPU
		Release|Any CPU = Release|Any CPU
	EndGlobalSection
	GlobalSection(ProjectConfigurationPlatforms) = postSolution
		{F456727B-A6F6-4AC2-8960-E46D2733F9B5}.Debug|Any CPU.ActiveCfg = Debug|Any CPU
		{F456727B-A6F6-4AC2-8960-E46D2733F9B5}.Debug|Any CPU.Build.0 = Debug|Any CPU
		{F456727B-A6F6-4AC2-8960-E46D2733F9B5}.Release|Any CPU.ActiveCfg = Release|Any CPU
		{F456727B-A6F6-4AC2-8960-E46D2733F9B5}.Release|Any CPU.Build.0 = Release|Any CPU
		{0932A46C-F191-40AB-88C0-1DBAD1E40006}.Debug|Any CPU.ActiveCfg = Debug|Any CPU
		{0932A46C-F191-40AB-88C0-1DBAD1E40006}.Debug|Any CPU.Build.0 = Debug|Any CPU
		{0932A46C-F191-40AB-88C0-1DBAD1E40006}.Release|Any CPU.ActiveCfg = Release|Any CPU
		{0932A46C-F191-40AB-88C0-1DBAD1E40006}.Release|Any CPU.Build.0 = Release|Any CPU
	EndGlobalSection
	GlobalSection(SolutionProperties) = preSolution
		HideSolutionNode = FALSE
	EndGlobalSection
	GlobalSection(ExtensibilityGlobals) = postSolution
		SolutionGuid = {4C6CFF6E-8C08-4FDD-B714-BC15EDCB9DB7}
	EndGlobalSection
EndGlobal
