
Microsoft Visual Studio Solution File, Format Version 12.00
# Visual Studio Version 17
VisualStudioVersion = 17.6.33829.357
MinimumVisualStudioVersion = 10.0.40219.1
Project("{9A19103F-16F7-4668-BE54-9A1E7A4F7556}") = "Ejercicio I01", "Ejercicio I01.csproj", "{43DF19F4-7EC1-4A0F-867C-7509F8357785}"
EndProject
Project("{FAE04EC0-301F-11D3-BF4B-00C04F79EFBC}") = "Entidades", "..\Entidades\Entidades.csproj", "{CAC6ED57-9D4E-4FA7-AF00-64D96F53CAFF}"
EndProject
Global
	GlobalSection(SolutionConfigurationPlatforms) = preSolution
		Debug|Any CPU = Debug|Any CPU
		Release|Any CPU = Release|Any CPU
	EndGlobalSection
	GlobalSection(ProjectConfigurationPlatforms) = postSolution
		{43DF19F4-7EC1-4A0F-867C-7509F8357785}.Debug|Any CPU.ActiveCfg = Debug|Any CPU
		{43DF19F4-7EC1-4A0F-867C-7509F8357785}.Debug|Any CPU.Build.0 = Debug|Any CPU
		{43DF19F4-7EC1-4A0F-867C-7509F8357785}.Release|Any CPU.ActiveCfg = Release|Any CPU
		{43DF19F4-7EC1-4A0F-867C-7509F8357785}.Release|Any CPU.Build.0 = Release|Any CPU
		{CAC6ED57-9D4E-4FA7-AF00-64D96F53CAFF}.Debug|Any CPU.ActiveCfg = Debug|Any CPU
		{CAC6ED57-9D4E-4FA7-AF00-64D96F53CAFF}.Debug|Any CPU.Build.0 = Debug|Any CPU
		{CAC6ED57-9D4E-4FA7-AF00-64D96F53CAFF}.Release|Any CPU.ActiveCfg = Release|Any CPU
		{CAC6ED57-9D4E-4FA7-AF00-64D96F53CAFF}.Release|Any CPU.Build.0 = Release|Any CPU
	EndGlobalSection
	GlobalSection(SolutionProperties) = preSolution
		HideSolutionNode = FALSE
	EndGlobalSection
	GlobalSection(ExtensibilityGlobals) = postSolution
		SolutionGuid = {66B6EB76-DCF1-4415-B71C-4781491412C3}
	EndGlobalSection
EndGlobal
