
Microsoft Visual Studio Solution File, Format Version 12.00
# Visual Studio Version 17
VisualStudioVersion = 17.6.33829.357
MinimumVisualStudioVersion = 10.0.40219.1
Project("{FAE04EC0-301F-11D3-BF4B-00C04F79EFBC}") = "Libro", "Libro.csproj", "{964DAB3D-A923-42DA-B448-66897E6FDB41}"
EndProject
Project("{FAE04EC0-301F-11D3-BF4B-00C04F79EFBC}") = "Console", "..\Console\Console.csproj", "{5159789F-CBE5-4483-8DA9-3778F6EC3EA2}"
EndProject
Global
	GlobalSection(SolutionConfigurationPlatforms) = preSolution
		Debug|Any CPU = Debug|Any CPU
		Release|Any CPU = Release|Any CPU
	EndGlobalSection
	GlobalSection(ProjectConfigurationPlatforms) = postSolution
		{964DAB3D-A923-42DA-B448-66897E6FDB41}.Debug|Any CPU.ActiveCfg = Debug|Any CPU
		{964DAB3D-A923-42DA-B448-66897E6FDB41}.Debug|Any CPU.Build.0 = Debug|Any CPU
		{964DAB3D-A923-42DA-B448-66897E6FDB41}.Release|Any CPU.ActiveCfg = Release|Any CPU
		{964DAB3D-A923-42DA-B448-66897E6FDB41}.Release|Any CPU.Build.0 = Release|Any CPU
		{5159789F-CBE5-4483-8DA9-3778F6EC3EA2}.Debug|Any CPU.ActiveCfg = Debug|Any CPU
		{5159789F-CBE5-4483-8DA9-3778F6EC3EA2}.Debug|Any CPU.Build.0 = Debug|Any CPU
		{5159789F-CBE5-4483-8DA9-3778F6EC3EA2}.Release|Any CPU.ActiveCfg = Release|Any CPU
		{5159789F-CBE5-4483-8DA9-3778F6EC3EA2}.Release|Any CPU.Build.0 = Release|Any CPU
	EndGlobalSection
	GlobalSection(SolutionProperties) = preSolution
		HideSolutionNode = FALSE
	EndGlobalSection
	GlobalSection(ExtensibilityGlobals) = postSolution
		SolutionGuid = {0DB05870-973F-43A9-9C46-D1174F90707E}
	EndGlobalSection
EndGlobal
